// !$*UTF8*$!
{
	archiveVersion = 1;
	classes = {
	};
	objectVersion = 46;
	objects = {

/* Begin PBXBuildFile section */
		B95553AE136DCF500038DF00 /* UIKit.framework in Frameworks */ = {isa = PBXBuildFile; fileRef = B95553AD136DCF500038DF00 /* UIKit.framework */; };
		B95553B0136DCF510038DF00 /* Foundation.framework in Frameworks */ = {isa = PBXBuildFile; fileRef = B95553AF136DCF510038DF00 /* Foundation.framework */; };
		B95553B2136DCF510038DF00 /* CoreGraphics.framework in Frameworks */ = {isa = PBXBuildFile; fileRef = B95553B1136DCF510038DF00 /* CoreGraphics.framework */; };
		B95553B8136DCF510038DF00 /* InfoPlist.strings in Resources */ = {isa = PBXBuildFile; fileRef = B95553B6136DCF510038DF00 /* InfoPlist.strings */; };
		B95553BB136DCF510038DF00 /* main.m in Sources */ = {isa = PBXBuildFile; fileRef = B95553BA136DCF510038DF00 /* main.m */; };
		B95553BE136DCF510038DF00 /* ContactsAppDelegate.m in Sources */ = {isa = PBXBuildFile; fileRef = B95553BD136DCF510038DF00 /* ContactsAppDelegate.m */; };
		B95553C1136DCF510038DF00 /* MainWindow.xib in Resources */ = {isa = PBXBuildFile; fileRef = B95553BF136DCF510038DF00 /* MainWindow.xib */; };
		B95553C4136DCF510038DF00 /* ContactsViewController.m in Sources */ = {isa = PBXBuildFile; fileRef = B95553C3136DCF510038DF00 /* ContactsViewController.m */; };
		B95553C7136DCF510038DF00 /* ContactsViewController.xib in Resources */ = {isa = PBXBuildFile; fileRef = B95553C5136DCF510038DF00 /* ContactsViewController.xib */; };
/* End PBXBuildFile section */

/* Begin PBXFileReference section */
		B95553A9136DCF500038DF00 /* Contacts.app */ = {isa = PBXFileReference; explicitFileType = wrapper.application; includeInIndex = 0; path = Contacts.app; sourceTree = BUILT_PRODUCTS_DIR; };
		B95553AD136DCF500038DF00 /* UIKit.framework */ = {isa = PBXFileReference; lastKnownFileType = wrapper.framework; name = UIKit.framework; path = System/Library/Frameworks/UIKit.framework; sourceTree = SDKROOT; };
		B95553AF136DCF510038DF00 /* Foundation.framework */ = {isa = PBXFileReference; lastKnownFileType = wrapper.framework; name = Foundation.framework; path = System/Library/Frameworks/Foundation.framework; sourceTree = SDKROOT; };
		B95553B1136DCF510038DF00 /* CoreGraphics.framework */ = {isa = PBXFileReference; lastKnownFileType = wrapper.framework; name = CoreGraphics.framework; path = System/Library/Frameworks/CoreGraphics.framework; sourceTree = SDKROOT; };
		B95553B5136DCF510038DF00 /* Contacts-Info.plist */ = {isa = PBXFileReference; lastKnownFileType = text.plist.xml; path = "Contacts-Info.plist"; sourceTree = "<group>"; };
		B95553B7136DCF510038DF00 /* en */ = {isa = PBXFileReference; lastKnownFileType = text.plist.strings; name = en; path = en.lproj/InfoPlist.strings; sourceTree = "<group>"; };
		B95553B9136DCF510038DF00 /* Contacts-Prefix.pch */ = {isa = PBXFileReference; lastKnownFileType = sourcecode.c.h; path = "Contacts-Prefix.pch"; sourceTree = "<group>"; };
		B95553BA136DCF510038DF00 /* main.m */ = {isa = PBXFileReference; lastKnownFileType = sourcecode.c.objc; path = main.m; sourceTree = "<group>"; };
		B95553BC136DCF510038DF00 /* ContactsAppDelegate.h */ = {isa = PBXFileReference; lastKnownFileType = sourcecode.c.h; path = ContactsAppDelegate.h; sourceTree = "<group>"; };
		B95553BD136DCF510038DF00 /* ContactsAppDelegate.m */ = {isa = PBXFileReference; lastKnownFileType = sourcecode.c.objc; path = ContactsAppDelegate.m; sourceTree = "<group>"; };
		B95553C0136DCF510038DF00 /* en */ = {isa = PBXFileReference; lastKnownFileType = file.xib; name = en; path = en.lproj/MainWindow.xib; sourceTree = "<group>"; };
		B95553C2136DCF510038DF00 /* ContactsViewController.h */ = {isa = PBXFileReference; lastKnownFileType = sourcecode.c.h; path = ContactsViewController.h; sourceTree = "<group>"; };
		B95553C3136DCF510038DF00 /* ContactsViewController.m */ = {isa = PBXFileReference; lastKnownFileType = sourcecode.c.objc; path = ContactsViewController.m; sourceTree = "<group>"; };
		B95553C6136DCF510038DF00 /* en */ = {isa = PBXFileReference; lastKnownFileType = file.xib; name = en; path = en.lproj/ContactsViewController.xib; sourceTree = "<group>"; };
/* End PBXFileReference section */

/* Begin PBXFrameworksBuildPhase section */
		B95553A6136DCF500038DF00 /* Frameworks */ = {
			isa = PBXFrameworksBuildPhase;
			buildActionMask = 2147483647;
			files = (
				B95553AE136DCF500038DF00 /* UIKit.framework in Frameworks */,
				B95553B0136DCF510038DF00 /* Foundation.framework in Frameworks */,
				B95553B2136DCF510038DF00 /* CoreGraphics.framework in Frameworks */,
			);
			runOnlyForDeploymentPostprocessing = 0;
		};
/* End PBXFrameworksBuildPhase section */

/* Begin PBXGroup section */
		B955539E136DCF500038DF00 = {
			isa = PBXGroup;
			children = (
				B95553B3136DCF510038DF00 /* Contacts */,
				B95553AC136DCF500038DF00 /* Frameworks */,
				B95553AA136DCF500038DF00 /* Products */,
			);
			sourceTree = "<group>";
		};
		B95553AA136DCF500038DF00 /* Products */ = {
			isa = PBXGroup;
			children = (
				B95553A9136DCF500038DF00 /* Contacts.app */,
			);
			name = Products;
			sourceTree = "<group>";
		};
		B95553AC136DCF500038DF00 /* Frameworks */ = {
			isa = PBXGroup;
			children = (
				B95553AD136DCF500038DF00 /* UIKit.framework */,
				B95553AF136DCF510038DF00 /* Foundation.framework */,
				B95553B1136DCF510038DF00 /* CoreGraphics.framework */,
			);
			name = Frameworks;
			sourceTree = "<group>";
		};
		B95553B3136DCF510038DF00 /* Contacts */ = {
			isa = PBXGroup;
			children = (
				B95553BC136DCF510038DF00 /* ContactsAppDelegate.h */,
				B95553BD136DCF510038DF00 /* ContactsAppDelegate.m */,
				B95553BF136DCF510038DF00 /* MainWindow.xib */,
				B95553C2136DCF510038DF00 /* ContactsViewController.h */,
				B95553C3136DCF510038DF00 /* ContactsViewController.m */,
				B95553C5136DCF510038DF00 /* ContactsViewController.xib */,
				B95553B4136DCF510038DF00 /* Supporting Files */,
			);
			path = Contacts;
			sourceTree = "<group>";
		};
		B95553B4136DCF510038DF00 /* Supporting Files */ = {
			isa = PBXGroup;
			children = (
				B95553B5136DCF510038DF00 /* Contacts-Info.plist */,
				B95553B6136DCF510038DF00 /* InfoPlist.strings */,
				B95553B9136DCF510038DF00 /* Contacts-Prefix.pch */,
				B95553BA136DCF510038DF00 /* main.m */,
			);
			name = "Supporting Files";
			sourceTree = "<group>";
		};
/* End PBXGroup section */

/* Begin PBXNativeTarget section */
		B95553A8136DCF500038DF00 /* Contacts */ = {
			isa = PBXNativeTarget;
			buildConfigurationList = B95553CA136DCF510038DF00 /* Build configuration list for PBXNativeTarget "Contacts" */;
			buildPhases = (
				B95553A5136DCF500038DF00 /* Sources */,
				B95553A6136DCF500038DF00 /* Frameworks */,
				B95553A7136DCF500038DF00 /* Resources */,
			);
			buildRules = (
			);
			dependencies = (
			);
			name = Contacts;
			productName = Contacts;
			productReference = B95553A9136DCF500038DF00 /* Contacts.app */;
			productType = "com.apple.product-type.application";
		};
/* End PBXNativeTarget section */

/* Begin PBXProject section */
		B95553A0136DCF500038DF00 /* Project object */ = {
			isa = PBXProject;
			attributes = {
				ORGANIZATIONNAME = tactilApp.com;
			};
			buildConfigurationList = B95553A3136DCF500038DF00 /* Build configuration list for PBXProject "Contacts" */;
			compatibilityVersion = "Xcode 3.2";
			developmentRegion = English;
			hasScannedForEncodings = 0;
			knownRegions = (
				en,
			);
			mainGroup = B955539E136DCF500038DF00;
			productRefGroup = B95553AA136DCF500038DF00 /* Products */;
			projectDirPath = "";
			projectRoot = "";
			targets = (
				B95553A8136DCF500038DF00 /* Contacts */,
			);
		};
/* End PBXProject section */

/* Begin PBXResourcesBuildPhase section */
		B95553A7136DCF500038DF00 /* Resources */ = {
			isa = PBXResourcesBuildPhase;
			buildActionMask = 2147483647;
			files = (
				B95553B8136DCF510038DF00 /* InfoPlist.strings in Resources */,
				B95553C1136DCF510038DF00 /* MainWindow.xib in Resources */,
				B95553C7136DCF510038DF00 /* ContactsViewController.xib in Resources */,
			);
			runOnlyForDeploymentPostprocessing = 0;
		};
/* End PBXResourcesBuildPhase section */

/* Begin PBXSourcesBuildPhase section */
		B95553A5136DCF500038DF00 /* Sources */ = {
			isa = PBXSourcesBuildPhase;
			buildActionMask = 2147483647;
			files = (
				B95553BB136DCF510038DF00 /* main.m in Sources */,
				B95553BE136DCF510038DF00 /* ContactsAppDelegate.m in Sources */,
				B95553C4136DCF510038DF00 /* ContactsViewController.m in Sources */,
			);
			runOnlyForDeploymentPostprocessing = 0;
		};
/* End PBXSourcesBuildPhase section */

/* Begin PBXVariantGroup section */
		B95553B6136DCF510038DF00 /* InfoPlist.strings */ = {
			isa = PBXVariantGroup;
			children = (
				B95553B7136DCF510038DF00 /* en */,
			);
			name = InfoPlist.strings;
			sourceTree = "<group>";
		};
		B95553BF136DCF510038DF00 /* MainWindow.xib */ = {
			isa = PBXVariantGroup;
			children = (
				B95553C0136DCF510038DF00 /* en */,
			);
			name = MainWindow.xib;
			sourceTree = "<group>";
		};
		B95553C5136DCF510038DF00 /* ContactsViewController.xib */ = {
			isa = PBXVariantGroup;
			children = (
				B95553C6136DCF510038DF00 /* en */,
			);
			name = ContactsViewController.xib;
			sourceTree = "<group>";
		};
/* End PBXVariantGroup section */

/* Begin XCBuildConfiguration section */
		B95553C8136DCF510038DF00 /* Debug */ = {
			isa = XCBuildConfiguration;
			buildSettings = {
				ARCHS = "$(ARCHS_STANDARD_32_BIT)";
				"CODE_SIGN_IDENTITY[sdk=iphoneos*]" = "iPhone Developer";
				GCC_C_LANGUAGE_STANDARD = gnu99;
				GCC_OPTIMIZATION_LEVEL = 0;
				GCC_PREPROCESSOR_DEFINITIONS = DEBUG;
				GCC_SYMBOLS_PRIVATE_EXTERN = NO;
				GCC_VERSION = com.apple.compilers.llvmgcc42;
				GCC_WARN_ABOUT_RETURN_TYPE = YES;
				GCC_WARN_UNUSED_VARIABLE = YES;
				IPHONEOS_DEPLOYMENT_TARGET = 4.3;
				SDKROOT = iphoneos;
			};
			name = Debug;
		};
		B95553C9136DCF510038DF00 /* Release */ = {
			isa = XCBuildConfiguration;
			buildSettings = {
				ARCHS = "$(ARCHS_STANDARD_32_BIT)";
				"CODE_SIGN_IDENTITY[sdk=iphoneos*]" = "iPhone Developer";
				GCC_C_LANGUAGE_STANDARD = gnu99;
				GCC_VERSION = com.apple.compilers.llvmgcc42;
				GCC_WARN_ABOUT_RETURN_TYPE = YES;
				GCC_WARN_UNUSED_VARIABLE = YES;
				IPHONEOS_DEPLOYMENT_TARGET = 4.3;
				OTHER_CFLAGS = "-DNS_BLOCK_ASSERTIONS=1";
				SDKROOT = iphoneos;
			};
			name = Release;
		};
		B95553CB136DCF510038DF00 /* Debug */ = {
			isa = XCBuildConfiguration;
			buildSettings = {
				ALWAYS_SEARCH_USER_PATHS = NO;
				COPY_PHASE_STRIP = NO;
				GCC_DYNAMIC_NO_PIC = NO;
				GCC_PRECOMPILE_PREFIX_HEADER = YES;
				GCC_PREFIX_HEADER = "Contacts/Contacts-Prefix.pch";
				INFOPLIST_FILE = "Contacts/Contacts-Info.plist";
				PRODUCT_NAME = "$(TARGET_NAME)";
				WRAPPER_EXTENSION = app;
			};
			name = Debug;
		};
		B95553CC136DCF510038DF00 /* Release */ = {
			isa = XCBuildConfiguration;
			buildSettings = {
				ALWAYS_SEARCH_USER_PATHS = NO;
				COPY_PHASE_STRIP = YES;
				GCC_PRECOMPILE_PREFIX_HEADER = YES;
				GCC_PREFIX_HEADER = "Contacts/Contacts-Prefix.pch";
				INFOPLIST_FILE = "Contacts/Contacts-Info.plist";
				PRODUCT_NAME = "$(TARGET_NAME)";
				VALIDATE_PRODUCT = YES;
				WRAPPER_EXTENSION = app;
			};
			name = Release;
		};
/* End XCBuildConfiguration section */

/* Begin XCConfigurationList section */
		B95553A3136DCF500038DF00 /* Build configuration list for PBXProject "Contacts" */ = {
			isa = XCConfigurationList;
			buildConfigurations = (
				B95553C8136DCF510038DF00 /* Debug */,
				B95553C9136DCF510038DF00 /* Release */,
			);
			defaultConfigurationIsVisible = 0;
			defaultConfigurationName = Release;
		};
		B95553CA136DCF510038DF00 /* Build configuration list for PBXNativeTarget "Contacts" */ = {
			isa = XCConfigurationList;
			buildConfigurations = (
				B95553CB136DCF510038DF00 /* Debug */,
				B95553CC136DCF510038DF00 /* Release */,
			);
			defaultConfigurationIsVisible = 0;
		};
/* End XCConfigurationList section */
	};
	rootObject = B95553A0136DCF500038DF00 /* Project object */;
}
